// !$*UTF8*$!
{
	archiveVersion = 1;
	classes = {
	};
	objectVersion = 46;
	objects = {

/* Begin PBXBuildFile section */
		11D1DA651E35F36500181817 /* AppDelegate.swift in Sources */ = {isa = PBXBuildFile; fileRef = 11D1DA641E35F36500181817 /* AppDelegate.swift */; };
		11D1DA671E35F36500181817 /* FaceViewController.swift in Sources */ = {isa = PBXBuildFile; fileRef = 11D1DA661E35F36500181817 /* FaceViewController.swift */; };
		11D1DA6A1E35F36500181817 /* Main.storyboard in Resources */ = {isa = PBXBuildFile; fileRef = 11D1DA681E35F36500181817 /* Main.storyboard */; };
		11D1DA6C1E35F36500181817 /* Assets.xcassets in Resources */ = {isa = PBXBuildFile; fileRef = 11D1DA6B1E35F36500181817 /* Assets.xcassets */; };
		11D1DA6F1E35F36500181817 /* LaunchScreen.storyboard in Resources */ = {isa = PBXBuildFile; fileRef = 11D1DA6D1E35F36500181817 /* LaunchScreen.storyboard */; };
		11D1DA781E35F59000181817 /* FaceView.swift in Sources */ = {isa = PBXBuildFile; fileRef = 11D1DA771E35F59000181817 /* FaceView.swift */; };
/* End PBXBuildFile section */

/* Begin PBXFileReference section */
		11D1DA611E35F36500181817 /* FaceIt.app */ = {isa = PBXFileReference; explicitFileType = wrapper.application; includeInIndex = 0; path = FaceIt.app; sourceTree = BUILT_PRODUCTS_DIR; };
		11D1DA641E35F36500181817 /* AppDelegate.swift */ = {isa = PBXFileReference; lastKnownFileType = sourcecode.swift; path = AppDelegate.swift; sourceTree = "<group>"; };
		11D1DA661E35F36500181817 /* FaceViewController.swift */ = {isa = PBXFileReference; lastKnownFileType = sourcecode.swift; path = FaceViewController.swift; sourceTree = "<group>"; };
		11D1DA691E35F36500181817 /* Base */ = {isa = PBXFileReference; lastKnownFileType = file.storyboard; name = Base; path = Base.lproj/Main.storyboard; sourceTree = "<group>"; };
		11D1DA6B1E35F36500181817 /* Assets.xcassets */ = {isa = PBXFileReference; lastKnownFileType = folder.assetcatalog; path = Assets.xcassets; sourceTree = "<group>"; };
		11D1DA6E1E35F36500181817 /* Base */ = {isa = PBXFileReference; lastKnownFileType = file.storyboard; name = Base; path = Base.lproj/LaunchScreen.storyboard; sourceTree = "<group>"; };
		11D1DA701E35F36500181817 /* Info.plist */ = {isa = PBXFileReference; lastKnownFileType = text.plist.xml; path = Info.plist; sourceTree = "<group>"; };
		11D1DA771E35F59000181817 /* FaceView.swift */ = {isa = PBXFileReference; fileEncoding = 4; lastKnownFileType = sourcecode.swift; path = FaceView.swift; sourceTree = "<group>"; };
/* End PBXFileReference section */

/* Begin PBXFrameworksBuildPhase section */
		11D1DA5E1E35F36500181817 /* Frameworks */ = {
			isa = PBXFrameworksBuildPhase;
			buildActionMask = 2147483647;
			files = (
			);
			runOnlyForDeploymentPostprocessing = 0;
		};
/* End PBXFrameworksBuildPhase section */

/* Begin PBXGroup section */
		11D1DA581E35F36500181817 = {
			isa = PBXGroup;
			children = (
				11D1DA631E35F36500181817 /* FaceIt */,
				11D1DA621E35F36500181817 /* Products */,
			);
			sourceTree = "<group>";
		};
		11D1DA621E35F36500181817 /* Products */ = {
			isa = PBXGroup;
			children = (
				11D1DA611E35F36500181817 /* FaceIt.app */,
			);
			name = Products;
			sourceTree = "<group>";
		};
		11D1DA631E35F36500181817 /* FaceIt */ = {
			isa = PBXGroup;
			children = (
				11D1DA661E35F36500181817 /* FaceViewController.swift */,
				11D1DA681E35F36500181817 /* Main.storyboard */,
				11D1DA771E35F59000181817 /* FaceView.swift */,
				11D1DA761E35F4AB00181817 /* Supporting Files */,
			);
			path = FaceIt;
			sourceTree = "<group>";
		};
		11D1DA761E35F4AB00181817 /* Supporting Files */ = {
			isa = PBXGroup;
			children = (
				11D1DA641E35F36500181817 /* AppDelegate.swift */,
				11D1DA6B1E35F36500181817 /* Assets.xcassets */,
				11D1DA6D1E35F36500181817 /* LaunchScreen.storyboard */,
				11D1DA701E35F36500181817 /* Info.plist */,
			);
			name = "Supporting Files";
			sourceTree = "<group>";
		};
/* End PBXGroup section */

/* Begin PBXNativeTarget section */
		11D1DA601E35F36500181817 /* FaceIt */ = {
			isa = PBXNativeTarget;
			buildConfigurationList = 11D1DA731E35F36500181817 /* Build configuration list for PBXNativeTarget "FaceIt" */;
			buildPhases = (
				11D1DA5D1E35F36500181817 /* Sources */,
				11D1DA5E1E35F36500181817 /* Frameworks */,
				11D1DA5F1E35F36500181817 /* Resources */,
			);
			buildRules = (
			);
			dependencies = (
			);
			name = FaceIt;
			productName = FaceIt;
			productReference = 11D1DA611E35F36500181817 /* FaceIt.app */;
			productType = "com.apple.product-type.application";
		};
/* End PBXNativeTarget section */

/* Begin PBXProject section */
		11D1DA591E35F36500181817 /* Project object */ = {
			isa = PBXProject;
			attributes = {
				LastSwiftUpdateCheck = 0820;
				LastUpgradeCheck = 0820;
				ORGANIZATIONNAME = Zac;
				TargetAttributes = {
					11D1DA601E35F36500181817 = {
						CreatedOnToolsVersion = 8.2.1;
						DevelopmentTeam = D4VUX96KKD;
						ProvisioningStyle = Automatic;
					};
				};
			};
			buildConfigurationList = 11D1DA5C1E35F36500181817 /* Build configuration list for PBXProject "FaceIt" */;
			compatibilityVersion = "Xcode 3.2";
			developmentRegion = English;
			hasScannedForEncodings = 0;
			knownRegions = (
				en,
				Base,
			);
			mainGroup = 11D1DA581E35F36500181817;
			productRefGroup = 11D1DA621E35F36500181817 /* Products */;
			projectDirPath = "";
			projectRoot = "";
			targets = (
				11D1DA601E35F36500181817 /* FaceIt */,
			);
		};
/* End PBXProject section */

/* Begin PBXResourcesBuildPhase section */
		11D1DA5F1E35F36500181817 /* Resources */ = {
			isa = PBXResourcesBuildPhase;
			buildActionMask = 2147483647;
			files = (
				11D1DA6F1E35F36500181817 /* LaunchScreen.storyboard in Resources */,
				11D1DA6C1E35F36500181817 /* Assets.xcassets in Resources */,
				11D1DA6A1E35F36500181817 /* Main.storyboard in Resources */,
			);
			runOnlyForDeploymentPostprocessing = 0;
		};
/* End PBXResourcesBuildPhase section */

/* Begin PBXSourcesBuildPhase section */
		11D1DA5D1E35F36500181817 /* Sources */ = {
			isa = PBXSourcesBuildPhase;
			buildActionMask = 2147483647;
			files = (
				11D1DA671E35F36500181817 /* FaceViewController.swift in Sources */,
				11D1DA651E35F36500181817 /* AppDelegate.swift in Sources */,
				11D1DA781E35F59000181817 /* FaceView.swift in Sources */,
			);
			runOnlyForDeploymentPostprocessing = 0;
		};
/* End PBXSourcesBuildPhase section */

/* Begin PBXVariantGroup section */
		11D1DA681E35F36500181817 /* Main.storyboard */ = {
			isa = PBXVariantGroup;
			children = (
				11D1DA691E35F36500181817 /* Base */,
			);
			name = Main.storyboard;
			sourceTree = "<group>";
		};
		11D1DA6D1E35F36500181817 /* LaunchScreen.storyboard */ = {
			isa = PBXVariantGroup;
			children = (
				11D1DA6E1E35F36500181817 /* Base */,
			);
			name = LaunchScreen.storyboard;
			sourceTree = "<group>";
		};
/* End PBXVariantGroup section */

/* Begin XCBuildConfiguration section */
		11D1DA711E35F36500181817 /* Debug */ = {
			isa = XCBuildConfiguration;
			buildSettings = {
				ALWAYS_SEARCH_USER_PATHS = NO;
				CLANG_ANALYZER_NONNULL = YES;
				CLANG_CXX_LANGUAGE_STANDARD = "gnu++0x";
				CLANG_CXX_LIBRARY = "libc++";
				CLANG_ENABLE_MODULES = YES;
				CLANG_ENABLE_OBJC_ARC = YES;
				CLANG_WARN_BOOL_CONVERSION = YES;
				CLANG_WARN_CONSTANT_CONVERSION = YES;
				CLANG_WARN_DIRECT_OBJC_ISA_USAGE = YES_ERROR;
				CLANG_WARN_DOCUMENTATION_COMMENTS = YES;
				CLANG_WARN_EMPTY_BODY = YES;
				CLANG_WARN_ENUM_CONVERSION = YES;
				CLANG_WARN_INFINITE_RECURSION = YES;
				CLANG_WARN_INT_CONVERSION = YES;
				CLANG_WARN_OBJC_ROOT_CLASS = YES_ERROR;
				CLANG_WARN_SUSPICIOUS_MOVE = YES;
				CLANG_WARN_UNREACHABLE_CODE = YES;
				CLANG_WARN__DUPLICATE_METHOD_MATCH = YES;
				"CODE_SIGN_IDENTITY[sdk=iphoneos*]" = "iPhone Developer";
				COPY_PHASE_STRIP = NO;
				DEBUG_INFORMATION_FORMAT = dwarf;
				ENABLE_STRICT_OBJC_MSGSEND = YES;
				ENABLE_TESTABILITY = YES;
				GCC_C_LANGUAGE_STANDARD = gnu99;
				GCC_DYNAMIC_NO_PIC = NO;
				GCC_NO_COMMON_BLOCKS = YES;
				GCC_OPTIMIZATION_LEVEL = 0;
				GCC_PREPROCESSOR_DEFINITIONS = (
					"DEBUG=1",
					"$(inherited)",
				);
				GCC_WARN_64_TO_32_BIT_CONVERSION = YES;
				GCC_WARN_ABOUT_RETURN_TYPE = YES_ERROR;
				GCC_WARN_UNDECLARED_SELECTOR = YES;
				GCC_WARN_UNINITIALIZED_AUTOS = YES_AGGRESSIVE;
				GCC_WARN_UNUSED_FUNCTION = YES;
				GCC_WARN_UNUSED_VARIABLE = YES;
				IPHONEOS_DEPLOYMENT_TARGET = 10.2;
				MTL_ENABLE_DEBUG_INFO = YES;
				ONLY_ACTIVE_ARCH = YES;
				SDKROOT = iphoneos;
				SWIFT_ACTIVE_COMPILATION_CONDITIONS = DEBUG;
				SWIFT_OPTIMIZATION_LEVEL = "-Onone";
				TARGETED_DEVICE_FAMILY = "1,2";
			};
			name = Debug;
		};
		11D1DA721E35F36500181817 /* Release */ = {
			isa = XCBuildConfiguration;
			buildSettings = {
				ALWAYS_SEARCH_USER_PATHS = NO;
				CLANG_ANALYZER_NONNULL = YES;
				CLANG_CXX_LANGUAGE_STANDARD = "gnu++0x";
				CLANG_CXX_LIBRARY = "libc++";
				CLANG_ENABLE_MODULES = YES;
				CLANG_ENABLE_OBJC_ARC = YES;
				CLANG_WARN_BOOL_CONVERSION = YES;
				CLANG_WARN_CONSTANT_CONVERSION = YES;
				CLANG_WARN_DIRECT_OBJC_ISA_USAGE = YES_ERROR;
				CLANG_WARN_DOCUMENTATION_COMMENTS = YES;
				CLANG_WARN_EMPTY_BODY = YES;
				CLANG_WARN_ENUM_CONVERSION = YES;
				CLANG_WARN_INFINITE_RECURSION = YES;
				CLANG_WARN_INT_CONVERSION = YES;
				CLANG_WARN_OBJC_ROOT_CLASS = YES_ERROR;
				CLANG_WARN_SUSPICIOUS_MOVE = YES;
				CLANG_WARN_UNREACHABLE_CODE = YES;
				CLANG_WARN__DUPLICATE_METHOD_MATCH = YES;
				"CODE_SIGN_IDENTITY[sdk=iphoneos*]" = "iPhone Developer";
				COPY_PHASE_STRIP = NO;
				DEBUG_INFORMATION_FORMAT = "dwarf-with-dsym";
				ENABLE_NS_ASSERTIONS = NO;
				ENABLE_STRICT_OBJC_MSGSEND = YES;
				GCC_C_LANGUAGE_STANDARD = gnu99;
				GCC_NO_COMMON_BLOCKS = YES;
				GCC_WARN_64_TO_32_BIT_CONVERSION = YES;
				GCC_WARN_ABOUT_RETURN_TYPE = YES_ERROR;
				GCC_WARN_UNDECLARED_SELECTOR = YES;
				GCC_WARN_UNINITIALIZED_AUTOS = YES_AGGRESSIVE;
				GCC_WARN_UNUSED_FUNCTION = YES;
				GCC_WARN_UNUSED_VARIABLE = YES;
				IPHONEOS_DEPLOYMENT_TARGET = 10.2;
				MTL_ENABLE_DEBUG_INFO = NO;
				SDKROOT = iphoneos;
				SWIFT_OPTIMIZATION_LEVEL = "-Owholemodule";
				TARGETED_DEVICE_FAMILY = "1,2";
				VALIDATE_PRODUCT = YES;
			};
			name = Release;
		};
		11D1DA741E35F36500181817 /* Debug */ = {
			isa = XCBuildConfiguration;
			buildSettings = {
				ASSETCATALOG_COMPILER_APPICON_NAME = AppIcon;
				DEVELOPMENT_TEAM = D4VUX96KKD;
				INFOPLIST_FILE = FaceIt/Info.plist;
				LD_RUNPATH_SEARCH_PATHS = "$(inherited) @executable_path/Frameworks";
				PRODUCT_BUNDLE_IDENTIFIER = com.Zac.FaceIt;
				PRODUCT_NAME = "$(TARGET_NAME)";
				SWIFT_VERSION = 3.0;
			};
			name = Debug;
		};
		11D1DA751E35F36500181817 /* Release */ = {
			isa = XCBuildConfiguration;
			buildSettings = {
				ASSETCATALOG_COMPILER_APPICON_NAME = AppIcon;
				DEVELOPMENT_TEAM = D4VUX96KKD;
				INFOPLIST_FILE = FaceIt/Info.plist;
				LD_RUNPATH_SEARCH_PATHS = "$(inherited) @executable_path/Frameworks";
				PRODUCT_BUNDLE_IDENTIFIER = com.Zac.FaceIt;
				PRODUCT_NAME = "$(TARGET_NAME)";
				SWIFT_VERSION = 3.0;
			};
			name = Release;
		};
/* End XCBuildConfiguration section */

/* Begin XCConfigurationList section */
		11D1DA5C1E35F36500181817 /* Build configuration list for PBXProject "FaceIt" */ = {
			isa = XCConfigurationList;
			buildConfigurations = (
				11D1DA711E35F36500181817 /* Debug */,
				11D1DA721E35F36500181817 /* Release */,
			);
			defaultConfigurationIsVisible = 0;
			defaultConfigurationName = Release;
		};
		11D1DA731E35F36500181817 /* Build configuration list for PBXNativeTarget "FaceIt" */ = {
			isa = XCConfigurationList;
			buildConfigurations = (
				11D1DA741E35F36500181817 /* Debug */,
				11D1DA751E35F36500181817 /* Release */,
			);
			defaultConfigurationIsVisible = 0;
		};
/* End XCConfigurationList section */
	};
	rootObject = 11D1DA591E35F36500181817 /* Project object */;
}
